
Microsoft Visual Studio Solution File, Format Version 12.00
# Visual Studio 15
VisualStudioVersion = 15.0.27130.2010
MinimumVisualStudioVersion = 10.0.40219.1
Project("{9A19103F-16F7-4668-BE54-9A1E7A4F7556}") = "Mailtrap", "Mailtrap\Mailtrap.csproj", "{854DFBDF-3212-4352-8D3E-FCFE1AA7EA2F}"
EndProject
Project("{FAE04EC0-301F-11D3-BF4B-00C04F79EFBC}") = "Mailtrap.Tests", "Mailtrap.Tests\Mailtrap.Tests.csproj", "{36EC685A-B973-480A-8053-F4D9AC7715EB}"
EndProject
Global
	GlobalSection(SolutionConfigurationPlatforms) = preSolution
		Debug|Any CPU = Debug|Any CPU
		Release|Any CPU = Release|Any CPU
	EndGlobalSection
	GlobalSection(ProjectConfigurationPlatforms) = postSolution
		{854DFBDF-3212-4352-8D3E-FCFE1AA7EA2F}.Debug|Any CPU.ActiveCfg = Debug|Any CPU
		{854DFBDF-3212-4352-8D3E-FCFE1AA7EA2F}.Debug|Any CPU.Build.0 = Debug|Any CPU
		{854DFBDF-3212-4352-8D3E-FCFE1AA7EA2F}.Release|Any CPU.ActiveCfg = Release|Any CPU
		{854DFBDF-3212-4352-8D3E-FCFE1AA7EA2F}.Release|Any CPU.Build.0 = Release|Any CPU
		{36EC685A-B973-480A-8053-F4D9AC7715EB}.Debug|Any CPU.ActiveCfg = Debug|Any CPU
		{36EC685A-B973-480A-8053-F4D9AC7715EB}.Debug|Any CPU.Build.0 = Debug|Any CPU
		{36EC685A-B973-480A-8053-F4D9AC7715EB}.Release|Any CPU.ActiveCfg = Release|Any CPU
		{36EC685A-B973-480A-8053-F4D9AC7715EB}.Release|Any CPU.Build.0 = Release|Any CPU
	EndGlobalSection
	GlobalSection(SolutionProperties) = preSolution
		HideSolutionNode = FALSE
	EndGlobalSection
	GlobalSection(ExtensibilityGlobals) = postSolution
		SolutionGuid = {BA543E11-DAB2-4DCF-B6DF-782B05DFE567}
	EndGlobalSection
EndGlobal
